
Microsoft Visual Studio Solution File, Format Version 12.00
# Visual Studio 15
VisualStudioVersion = 15.0.27428.2037
MinimumVisualStudioVersion = 10.0.40219.1
Project("{8BC9CEB8-8B4A-11D0-8D11-00A0C91BC942}") = "FaceLivingDetector", "FaceLivingDetector\FaceLivingDetector.vcxproj", "{1AF2AFD6-ABC0-4E25-A987-CBD91DDD8496}"
EndProject
Global
	GlobalSection(SolutionConfigurationPlatforms) = preSolution
		Debug|x64 = Debug|x64
		Debug|x86 = Debug|x86
		Release|x64 = Release|x64
		Release|x86 = Release|x86
	EndGlobalSection
	GlobalSection(ProjectConfigurationPlatforms) = postSolution
		{1AF2AFD6-ABC0-4E25-A987-CBD91DDD8496}.Debug|x64.ActiveCfg = Debug|x64
		{1AF2AFD6-ABC0-4E25-A987-CBD91DDD8496}.Debug|x64.Build.0 = Debug|x64
		{1AF2AFD6-ABC0-4E25-A987-CBD91DDD8496}.Debug|x86.ActiveCfg = Debug|Win32
		{1AF2AFD6-ABC0-4E25-A987-CBD91DDD8496}.Debug|x86.Build.0 = Debug|Win32
		{1AF2AFD6-ABC0-4E25-A987-CBD91DDD8496}.Release|x64.ActiveCfg = Release|x64
		{1AF2AFD6-ABC0-4E25-A987-CBD91DDD8496}.Release|x64.Build.0 = Release|x64
		{1AF2AFD6-ABC0-4E25-A987-CBD91DDD8496}.Release|x86.ActiveCfg = Release|Win32
		{1AF2AFD6-ABC0-4E25-A987-CBD91DDD8496}.Release|x86.Build.0 = Release|Win32
	EndGlobalSection
	GlobalSection(SolutionProperties) = preSolution
		HideSolutionNode = FALSE
	EndGlobalSection
	GlobalSection(ExtensibilityGlobals) = postSolution
		SolutionGuid = {5A88848B-3382-40E4-BFB4-3DA5F3BA0171}
	EndGlobalSection
EndGlobal
